
Microsoft Visual Studio Solution File, Format Version 12.00
# Visual Studio Version 17
VisualStudioVersion = 17.3.32811.315
MinimumVisualStudioVersion = 10.0.40219.1
Project("{FAE04EC0-301F-11D3-BF4B-00C04F79EFBC}") = "Ejercicio_3", "Ejercicio_3\Ejercicio_3.csproj", "{FAC738C3-558D-4DC8-AEB0-DA35C0CB07DB}"
EndProject
Global
	GlobalSection(SolutionConfigurationPlatforms) = preSolution
		Debug|Any CPU = Debug|Any CPU
		Release|Any CPU = Release|Any CPU
	EndGlobalSection
	GlobalSection(ProjectConfigurationPlatforms) = postSolution
		{FAC738C3-558D-4DC8-AEB0-DA35C0CB07DB}.Debug|Any CPU.ActiveCfg = Debug|Any CPU
		{FAC738C3-558D-4DC8-AEB0-DA35C0CB07DB}.Debug|Any CPU.Build.0 = Debug|Any CPU
		{FAC738C3-558D-4DC8-AEB0-DA35C0CB07DB}.Release|Any CPU.ActiveCfg = Release|Any CPU
		{FAC738C3-558D-4DC8-AEB0-DA35C0CB07DB}.Release|Any CPU.Build.0 = Release|Any CPU
	EndGlobalSection
	GlobalSection(SolutionProperties) = preSolution
		HideSolutionNode = FALSE
	EndGlobalSection
	GlobalSection(ExtensibilityGlobals) = postSolution
		SolutionGuid = {AA94BF43-F484-4BE5-A858-7E5D11F19413}
	EndGlobalSection
EndGlobal
